
Microsoft Visual Studio Solution File, Format Version 12.00
# Visual Studio 14
VisualStudioVersion = 14.0.25123.0
MinimumVisualStudioVersion = 10.0.40219.1
Project("{FAE04EC0-301F-11D3-BF4B-00C04F79EFBC}") = "Financiera.Dominio", "Financiera.Dominio\Financiera.Dominio.csproj", "{D150A791-E554-4B9C-801A-793AB06E2DEA}"
EndProject
Project("{F088123C-0E9E-452A-89E6-6BA2F21D5CAC}") = "FinancieraModeloPercy", "FinancieraModeloPercy\FinancieraModeloPercy.modelproj", "{D45369BB-6BFC-48D6-A702-908CDCB650EB}"
EndProject
Project("{FAE04EC0-301F-11D3-BF4B-00C04F79EFBC}") = "FinancieraInfraestructura.Datos", "FinancieraInfraestructura\FinancieraInfraestructura.Datos.csproj", "{1286F386-9C40-4F0D-AAC8-8587F63DD0D9}"
EndProject
Project("{FAE04EC0-301F-11D3-BF4B-00C04F79EFBC}") = "FinancieraPruebas", "FinancieraPruebas\FinancieraPruebas.csproj", "{EE0E25E6-87F5-4EA6-A4BC-6E9F886ACA85}"
EndProject
Project("{FAE04EC0-301F-11D3-BF4B-00C04F79EFBC}") = "FinancieraDistribucion_API", "FinancieraDistribucion_API\FinancieraDistribucion_API.csproj", "{A8A4CB3B-CB54-49F6-BD8E-CA5F74403DF7}"
EndProject
Global
	GlobalSection(SolutionConfigurationPlatforms) = preSolution
		Debug|Any CPU = Debug|Any CPU
		Debug|ARM = Debug|ARM
		Debug|x64 = Debug|x64
		Debug|x86 = Debug|x86
		Release|Any CPU = Release|Any CPU
		Release|ARM = Release|ARM
		Release|x64 = Release|x64
		Release|x86 = Release|x86
	EndGlobalSection
	GlobalSection(ProjectConfigurationPlatforms) = postSolution
		{D150A791-E554-4B9C-801A-793AB06E2DEA}.Debug|Any CPU.ActiveCfg = Debug|Any CPU
		{D150A791-E554-4B9C-801A-793AB06E2DEA}.Debug|Any CPU.Build.0 = Debug|Any CPU
		{D150A791-E554-4B9C-801A-793AB06E2DEA}.Debug|ARM.ActiveCfg = Debug|Any CPU
		{D150A791-E554-4B9C-801A-793AB06E2DEA}.Debug|ARM.Build.0 = Debug|Any CPU
		{D150A791-E554-4B9C-801A-793AB06E2DEA}.Debug|x64.ActiveCfg = Debug|Any CPU
		{D150A791-E554-4B9C-801A-793AB06E2DEA}.Debug|x64.Build.0 = Debug|Any CPU
		{D150A791-E554-4B9C-801A-793AB06E2DEA}.Debug|x86.ActiveCfg = Debug|Any CPU
		{D150A791-E554-4B9C-801A-793AB06E2DEA}.Debug|x86.Build.0 = Debug|Any CPU
		{D150A791-E554-4B9C-801A-793AB06E2DEA}.Release|Any CPU.ActiveCfg = Release|Any CPU
		{D150A791-E554-4B9C-801A-793AB06E2DEA}.Release|Any CPU.Build.0 = Release|Any CPU
		{D150A791-E554-4B9C-801A-793AB06E2DEA}.Release|ARM.ActiveCfg = Release|Any CPU
		{D150A791-E554-4B9C-801A-793AB06E2DEA}.Release|ARM.Build.0 = Release|Any CPU
		{D150A791-E554-4B9C-801A-793AB06E2DEA}.Release|x64.ActiveCfg = Release|Any CPU
		{D150A791-E554-4B9C-801A-793AB06E2DEA}.Release|x64.Build.0 = Release|Any CPU
		{D150A791-E554-4B9C-801A-793AB06E2DEA}.Release|x86.ActiveCfg = Release|Any CPU
		{D150A791-E554-4B9C-801A-793AB06E2DEA}.Release|x86.Build.0 = Release|Any CPU
		{D45369BB-6BFC-48D6-A702-908CDCB650EB}.Debug|Any CPU.ActiveCfg = Debug|Any CPU
		{D45369BB-6BFC-48D6-A702-908CDCB650EB}.Debug|Any CPU.Build.0 = Debug|Any CPU
		{D45369BB-6BFC-48D6-A702-908CDCB650EB}.Debug|ARM.ActiveCfg = Debug|Any CPU
		{D45369BB-6BFC-48D6-A702-908CDCB650EB}.Debug|ARM.Build.0 = Debug|Any CPU
		{D45369BB-6BFC-48D6-A702-908CDCB650EB}.Debug|x64.ActiveCfg = Debug|Any CPU
		{D45369BB-6BFC-48D6-A702-908CDCB650EB}.Debug|x64.Build.0 = Debug|Any CPU
		{D45369BB-6BFC-48D6-A702-908CDCB650EB}.Debug|x86.ActiveCfg = Debug|Any CPU
		{D45369BB-6BFC-48D6-A702-908CDCB650EB}.Debug|x86.Build.0 = Debug|Any CPU
		{D45369BB-6BFC-48D6-A702-908CDCB650EB}.Release|Any CPU.ActiveCfg = Release|Any CPU
		{D45369BB-6BFC-48D6-A702-908CDCB650EB}.Release|Any CPU.Build.0 = Release|Any CPU
		{D45369BB-6BFC-48D6-A702-908CDCB650EB}.Release|ARM.ActiveCfg = Release|Any CPU
		{D45369BB-6BFC-48D6-A702-908CDCB650EB}.Release|ARM.Build.0 = Release|Any CPU
		{D45369BB-6BFC-48D6-A702-908CDCB650EB}.Release|x64.ActiveCfg = Release|Any CPU
		{D45369BB-6BFC-48D6-A702-908CDCB650EB}.Release|x64.Build.0 = Release|Any CPU
		{D45369BB-6BFC-48D6-A702-908CDCB650EB}.Release|x86.ActiveCfg = Release|Any CPU
		{D45369BB-6BFC-48D6-A702-908CDCB650EB}.Release|x86.Build.0 = Release|Any CPU
		{1286F386-9C40-4F0D-AAC8-8587F63DD0D9}.Debug|Any CPU.ActiveCfg = Debug|Any CPU
		{1286F386-9C40-4F0D-AAC8-8587F63DD0D9}.Debug|Any CPU.Build.0 = Debug|Any CPU
		{1286F386-9C40-4F0D-AAC8-8587F63DD0D9}.Debug|ARM.ActiveCfg = Debug|Any CPU
		{1286F386-9C40-4F0D-AAC8-8587F63DD0D9}.Debug|ARM.Build.0 = Debug|Any CPU
		{1286F386-9C40-4F0D-AAC8-8587F63DD0D9}.Debug|x64.ActiveCfg = Debug|Any CPU
		{1286F386-9C40-4F0D-AAC8-8587F63DD0D9}.Debug|x64.Build.0 = Debug|Any CPU
		{1286F386-9C40-4F0D-AAC8-8587F63DD0D9}.Debug|x86.ActiveCfg = Debug|Any CPU
		{1286F386-9C40-4F0D-AAC8-8587F63DD0D9}.Debug|x86.Build.0 = Debug|Any CPU
		{1286F386-9C40-4F0D-AAC8-8587F63DD0D9}.Release|Any CPU.ActiveCfg = Release|Any CPU
		{1286F386-9C40-4F0D-AAC8-8587F63DD0D9}.Release|Any CPU.Build.0 = Release|Any CPU
		{1286F386-9C40-4F0D-AAC8-8587F63DD0D9}.Release|ARM.ActiveCfg = Release|Any CPU
		{1286F386-9C40-4F0D-AAC8-8587F63DD0D9}.Release|ARM.Build.0 = Release|Any CPU
		{1286F386-9C40-4F0D-AAC8-8587F63DD0D9}.Release|x64.ActiveCfg = Release|Any CPU
		{1286F386-9C40-4F0D-AAC8-8587F63DD0D9}.Release|x64.Build.0 = Release|Any CPU
		{1286F386-9C40-4F0D-AAC8-8587F63DD0D9}.Release|x86.ActiveCfg = Release|Any CPU
		{1286F386-9C40-4F0D-AAC8-8587F63DD0D9}.Release|x86.Build.0 = Release|Any CPU
		{EE0E25E6-87F5-4EA6-A4BC-6E9F886ACA85}.Debug|Any CPU.ActiveCfg = Debug|Any CPU
		{EE0E25E6-87F5-4EA6-A4BC-6E9F886ACA85}.Debug|Any CPU.Build.0 = Debug|Any CPU
		{EE0E25E6-87F5-4EA6-A4BC-6E9F886ACA85}.Debug|Any CPU.Deploy.0 = Debug|Any CPU
		{EE0E25E6-87F5-4EA6-A4BC-6E9F886ACA85}.Debug|ARM.ActiveCfg = Debug|ARM
		{EE0E25E6-87F5-4EA6-A4BC-6E9F886ACA85}.Debug|ARM.Build.0 = Debug|ARM
		{EE0E25E6-87F5-4EA6-A4BC-6E9F886ACA85}.Debug|ARM.Deploy.0 = Debug|ARM
		{EE0E25E6-87F5-4EA6-A4BC-6E9F886ACA85}.Debug|x64.ActiveCfg = Debug|x64
		{EE0E25E6-87F5-4EA6-A4BC-6E9F886ACA85}.Debug|x64.Build.0 = Debug|x64
		{EE0E25E6-87F5-4EA6-A4BC-6E9F886ACA85}.Debug|x64.Deploy.0 = Debug|x64
		{EE0E25E6-87F5-4EA6-A4BC-6E9F886ACA85}.Debug|x86.ActiveCfg = Debug|x86
		{EE0E25E6-87F5-4EA6-A4BC-6E9F886ACA85}.Debug|x86.Build.0 = Debug|x86
		{EE0E25E6-87F5-4EA6-A4BC-6E9F886ACA85}.Debug|x86.Deploy.0 = Debug|x86
		{EE0E25E6-87F5-4EA6-A4BC-6E9F886ACA85}.Release|Any CPU.ActiveCfg = Release|Any CPU
		{EE0E25E6-87F5-4EA6-A4BC-6E9F886ACA85}.Release|Any CPU.Build.0 = Release|Any CPU
		{EE0E25E6-87F5-4EA6-A4BC-6E9F886ACA85}.Release|Any CPU.Deploy.0 = Release|Any CPU
		{EE0E25E6-87F5-4EA6-A4BC-6E9F886ACA85}.Release|ARM.ActiveCfg = Release|ARM
		{EE0E25E6-87F5-4EA6-A4BC-6E9F886ACA85}.Release|ARM.Build.0 = Release|ARM
		{EE0E25E6-87F5-4EA6-A4BC-6E9F886ACA85}.Release|ARM.Deploy.0 = Release|ARM
		{EE0E25E6-87F5-4EA6-A4BC-6E9F886ACA85}.Release|x64.ActiveCfg = Release|x64
		{EE0E25E6-87F5-4EA6-A4BC-6E9F886ACA85}.Release|x64.Build.0 = Release|x64
		{EE0E25E6-87F5-4EA6-A4BC-6E9F886ACA85}.Release|x64.Deploy.0 = Release|x64
		{EE0E25E6-87F5-4EA6-A4BC-6E9F886ACA85}.Release|x86.ActiveCfg = Release|x86
		{EE0E25E6-87F5-4EA6-A4BC-6E9F886ACA85}.Release|x86.Build.0 = Release|x86
		{EE0E25E6-87F5-4EA6-A4BC-6E9F886ACA85}.Release|x86.Deploy.0 = Release|x86
		{A8A4CB3B-CB54-49F6-BD8E-CA5F74403DF7}.Debug|Any CPU.ActiveCfg = Debug|Any CPU
		{A8A4CB3B-CB54-49F6-BD8E-CA5F74403DF7}.Debug|Any CPU.Build.0 = Debug|Any CPU
		{A8A4CB3B-CB54-49F6-BD8E-CA5F74403DF7}.Debug|ARM.ActiveCfg = Debug|Any CPU
		{A8A4CB3B-CB54-49F6-BD8E-CA5F74403DF7}.Debug|ARM.Build.0 = Debug|Any CPU
		{A8A4CB3B-CB54-49F6-BD8E-CA5F74403DF7}.Debug|x64.ActiveCfg = Debug|Any CPU
		{A8A4CB3B-CB54-49F6-BD8E-CA5F74403DF7}.Debug|x64.Build.0 = Debug|Any CPU
		{A8A4CB3B-CB54-49F6-BD8E-CA5F74403DF7}.Debug|x86.ActiveCfg = Debug|Any CPU
		{A8A4CB3B-CB54-49F6-BD8E-CA5F74403DF7}.Debug|x86.Build.0 = Debug|Any CPU
		{A8A4CB3B-CB54-49F6-BD8E-CA5F74403DF7}.Release|Any CPU.ActiveCfg = Release|Any CPU
		{A8A4CB3B-CB54-49F6-BD8E-CA5F74403DF7}.Release|Any CPU.Build.0 = Release|Any CPU
		{A8A4CB3B-CB54-49F6-BD8E-CA5F74403DF7}.Release|ARM.ActiveCfg = Release|Any CPU
		{A8A4CB3B-CB54-49F6-BD8E-CA5F74403DF7}.Release|ARM.Build.0 = Release|Any CPU
		{A8A4CB3B-CB54-49F6-BD8E-CA5F74403DF7}.Release|x64.ActiveCfg = Release|Any CPU
		{A8A4CB3B-CB54-49F6-BD8E-CA5F74403DF7}.Release|x64.Build.0 = Release|Any CPU
		{A8A4CB3B-CB54-49F6-BD8E-CA5F74403DF7}.Release|x86.ActiveCfg = Release|Any CPU
		{A8A4CB3B-CB54-49F6-BD8E-CA5F74403DF7}.Release|x86.Build.0 = Release|Any CPU
	EndGlobalSection
	GlobalSection(SolutionProperties) = preSolution
		HideSolutionNode = FALSE
	EndGlobalSection
EndGlobal
